
Microsoft Visual Studio Solution File, Format Version 12.00
# Visual Studio Version 16
VisualStudioVersion = 16.0.31515.178
MinimumVisualStudioVersion = 10.0.40219.1
Project("{FAE04EC0-301F-11D3-BF4B-00C04F79EFBC}") = "Community_API", "Community_API\Community_API.csproj", "{7FAD9C33-7518-4925-8828-D44DD31F43F4}"
EndProject
Project("{FAE04EC0-301F-11D3-BF4B-00C04F79EFBC}") = "Community_API.Database", "Community_API.Database\Community_API.Database.csproj", "{36A95AF4-5AAE-4F19-B78B-06A79881CD16}"
EndProject
Project("{FAE04EC0-301F-11D3-BF4B-00C04F79EFBC}") = "Community_API.DTO", "Community_API.DTO\Community_API.DTO.csproj", "{8FB2E34E-25DE-453D-BFD0-C27721852EB6}"
EndProject
Project("{FAE04EC0-301F-11D3-BF4B-00C04F79EFBC}") = "Community_API.Repository", "Community_API.Repository\Community_API.Repository.csproj", "{4E0FFFDE-BC35-4A11-A291-420130C4FA3D}"
EndProject
Global
	GlobalSection(SolutionConfigurationPlatforms) = preSolution
		Debug|Any CPU = Debug|Any CPU
		Release|Any CPU = Release|Any CPU
	EndGlobalSection
	GlobalSection(ProjectConfigurationPlatforms) = postSolution
		{7FAD9C33-7518-4925-8828-D44DD31F43F4}.Debug|Any CPU.ActiveCfg = Debug|Any CPU
		{7FAD9C33-7518-4925-8828-D44DD31F43F4}.Debug|Any CPU.Build.0 = Debug|Any CPU
		{7FAD9C33-7518-4925-8828-D44DD31F43F4}.Release|Any CPU.ActiveCfg = Release|Any CPU
		{7FAD9C33-7518-4925-8828-D44DD31F43F4}.Release|Any CPU.Build.0 = Release|Any CPU
		{36A95AF4-5AAE-4F19-B78B-06A79881CD16}.Debug|Any CPU.ActiveCfg = Debug|Any CPU
		{36A95AF4-5AAE-4F19-B78B-06A79881CD16}.Debug|Any CPU.Build.0 = Debug|Any CPU
		{36A95AF4-5AAE-4F19-B78B-06A79881CD16}.Release|Any CPU.ActiveCfg = Release|Any CPU
		{36A95AF4-5AAE-4F19-B78B-06A79881CD16}.Release|Any CPU.Build.0 = Release|Any CPU
		{8FB2E34E-25DE-453D-BFD0-C27721852EB6}.Debug|Any CPU.ActiveCfg = Debug|Any CPU
		{8FB2E34E-25DE-453D-BFD0-C27721852EB6}.Debug|Any CPU.Build.0 = Debug|Any CPU
		{8FB2E34E-25DE-453D-BFD0-C27721852EB6}.Release|Any CPU.ActiveCfg = Release|Any CPU
		{8FB2E34E-25DE-453D-BFD0-C27721852EB6}.Release|Any CPU.Build.0 = Release|Any CPU
		{4E0FFFDE-BC35-4A11-A291-420130C4FA3D}.Debug|Any CPU.ActiveCfg = Debug|Any CPU
		{4E0FFFDE-BC35-4A11-A291-420130C4FA3D}.Debug|Any CPU.Build.0 = Debug|Any CPU
		{4E0FFFDE-BC35-4A11-A291-420130C4FA3D}.Release|Any CPU.ActiveCfg = Release|Any CPU
		{4E0FFFDE-BC35-4A11-A291-420130C4FA3D}.Release|Any CPU.Build.0 = Release|Any CPU
	EndGlobalSection
	GlobalSection(SolutionProperties) = preSolution
		HideSolutionNode = FALSE
	EndGlobalSection
	GlobalSection(ExtensibilityGlobals) = postSolution
		SolutionGuid = {FE93344F-36CD-4AA1-8709-84337A32209F}
	EndGlobalSection
EndGlobal
